// !$*UTF8*$!
{
	archiveVersion = 1;
	classes = {
	};
	objectVersion = 77;
	objects = {

/* Begin PBXBuildFile section */
		02A6CA4F30753E3600473F4A /* MLX in Frameworks */ = {isa = PBXBuildFile; productRef = 02A6CA4E30753E3600473F4A /* MLX */; };
		02A6CA5130753E3600473F4A /* MLXFast in Frameworks */ = {isa = PBXBuildFile; productRef = 02A6CA5030753E3600473F4A /* MLXFast */; };
		02A6CA5330753E3600473F4A /* MLXNN in Frameworks */ = {isa = PBXBuildFile; productRef = 02A6CA5230753E3600473F4A /* MLXNN */; };
		02A6CA5530753E3600473F4A /* MLXOptimizers in Frameworks */ = {isa = PBXBuildFile; productRef = 02A6CA5430753E3600473F4A /* MLXOptimizers */; };
		02A6CA5730753E3600473F4A /* MLXRandom in Frameworks */ = {isa = PBXBuildFile; productRef = 02A6CA5630753E3600473F4A /* MLXRandom */; };
		02A6CA5A30753F4F00473F4A /* BenchmarkHelpers in Frameworks */ = {isa = PBXBuildFile; productRef = 02A6CA5930753F4F00473F4A /* BenchmarkHelpers */; };
		02A6CA5C30753F4F00473F4A /* IntegrationTestHelpers in Frameworks */ = {isa = PBXBuildFile; productRef = 02A6CA5B30753F4F00473F4A /* IntegrationTestHelpers */; };
		02A6CA5E30753F4F00473F4A /* MLXEmbedders in Frameworks */ = {isa = PBXBuildFile; productRef = 02A6CA5D30753F4F00473F4A /* MLXEmbedders */; };
		02A6CA6030753F4F00473F4A /* MLXFoundationModels in Frameworks */ = {isa = PBXBuildFile; productRef = 02A6CA5F30753F4F00473F4A /* MLXFoundationModels */; };
		02A6CA6230753F4F00473F4A /* MLXGuidedGeneration in Frameworks */ = {isa = PBXBuildFile; productRef = 02A6CA6130753F4F00473F4A /* MLXGuidedGeneration */; };
		02A6CA6430753F4F00473F4A /* MLXHuggingFace in Frameworks */ = {isa = PBXBuildFile; productRef = 02A6CA6330753F4F00473F4A /* MLXHuggingFace */; };
		02A6CA6630753F4F00473F4A /* MLXLLM in Frameworks */ = {isa = PBXBuildFile; productRef = 02A6CA6530753F4F00473F4A /* MLXLLM */; };
		02A6CA6830753F4F00473F4A /* MLXLMCommon in Frameworks */ = {isa = PBXBuildFile; productRef = 02A6CA6730753F4F00473F4A /* MLXLMCommon */; };
		02A6CA6A30753F4F00473F4A /* MLXRerankers in Frameworks */ = {isa = PBXBuildFile; productRef = 02A6CA6930753F4F00473F4A /* MLXRerankers */; };
		02A6CA6C30753F4F00473F4A /* MLXVLM in Frameworks */ = {isa = PBXBuildFile; productRef = 02A6CA6B30753F4F00473F4A /* MLXVLM */; };
		02A6CA6F30753F7700473F4A /* Hub in Frameworks */ = {isa = PBXBuildFile; productRef = 02A6CA6E30753F7700473F4A /* Hub */; };
		02A6CA7130753F7700473F4A /* Tokenizers in Frameworks */ = {isa = PBXBuildFile; productRef = 02A6CA7030753F7700473F4A /* Tokenizers */; };
		02A6CA7330753F7700473F4A /* Transformers in Frameworks */ = {isa = PBXBuildFile; productRef = 02A6CA7230753F7700473F4A /* Transformers */; };
		02A6CA7630753F8B00473F4A /* HuggingFace in Frameworks */ = {isa = PBXBuildFile; productRef = 02A6CA7530753F8B00473F4A /* HuggingFace */; };
		02A6CA7830753F8B00473F4A /* HuggingFaceOAuth in Frameworks */ = {isa = PBXBuildFile; productRef = 02A6CA7730753F8B00473F4A /* HuggingFaceOAuth */; };
		02C3CFAB2FBF644F00FE62A1 /* Shimmer in Frameworks */ = {isa = PBXBuildFile; productRef = 02C3CFAA2FBF644F00FE62A1 /* Shimmer */; };
		D6E794852D4ADA1E0036D447 /* MarkdownUI in Frameworks */ = {isa = PBXBuildFile; productRef = D6E794842D4ADA1E0036D447 /* MarkdownUI */; };
		D6FF377B2D4AF6E40071A25C /* LaTeXSwiftUI in Frameworks */ = {isa = PBXBuildFile; productRef = D6FF377A2D4AF6E40071A25C /* LaTeXSwiftUI */; };
/* End PBXBuildFile section */

/* Begin PBXFileReference section */
		860E9CCE2CB055B000C5BB52 /* Voltaire.app */ = {isa = PBXFileReference; explicitFileType = wrapper.application; includeInIndex = 0; path = Voltaire.app; sourceTree = BUILT_PRODUCTS_DIR; };
/* End PBXFileReference section */

/* Begin PBXFileSystemSynchronizedRootGroup section */
		860E9CD02CB055B000C5BB52 /* Voltaire */ = {
			isa = PBXFileSystemSynchronizedRootGroup;
			path = Voltaire;
			sourceTree = "<group>";
		};
/* End PBXFileSystemSynchronizedRootGroup section */

/* Begin PBXFrameworksBuildPhase section */
		860E9CCB2CB055B000C5BB52 /* Frameworks */ = {
			isa = PBXFrameworksBuildPhase;
			buildActionMask = 2147483647;
			files = (
				02A6CA7330753F7700473F4A /* Transformers in Frameworks */,
				02A6CA6630753F4F00473F4A /* MLXLLM in Frameworks */,
				02A6CA5330753E3600473F4A /* MLXNN in Frameworks */,
				02A6CA6A30753F4F00473F4A /* MLXRerankers in Frameworks */,
				02A6CA5C30753F4F00473F4A /* IntegrationTestHelpers in Frameworks */,
				02A6CA7830753F8B00473F4A /* HuggingFaceOAuth in Frameworks */,
				02A6CA7130753F7700473F4A /* Tokenizers in Frameworks */,
				02A6CA6F30753F7700473F4A /* Hub in Frameworks */,
				02A6CA4F30753E3600473F4A /* MLX in Frameworks */,
				02A6CA5A30753F4F00473F4A /* BenchmarkHelpers in Frameworks */,
				D6E794852D4ADA1E0036D447 /* MarkdownUI in Frameworks */,
				02A6CA5730753E3600473F4A /* MLXRandom in Frameworks */,
				02A6CA5E30753F4F00473F4A /* MLXEmbedders in Frameworks */,
				02A6CA6230753F4F00473F4A /* MLXGuidedGeneration in Frameworks */,
				02A6CA7630753F8B00473F4A /* HuggingFace in Frameworks */,
				02A6CA6030753F4F00473F4A /* MLXFoundationModels in Frameworks */,
				02C3CFAB2FBF644F00FE62A1 /* Shimmer in Frameworks */,
				02A6CA5530753E3600473F4A /* MLXOptimizers in Frameworks */,
				02A6CA6430753F4F00473F4A /* MLXHuggingFace in Frameworks */,
				02A6CA6C30753F4F00473F4A /* MLXVLM in Frameworks */,
				02A6CA5130753E3600473F4A /* MLXFast in Frameworks */,
				02A6CA6830753F4F00473F4A /* MLXLMCommon in Frameworks */,
				D6FF377B2D4AF6E40071A25C /* LaTeXSwiftUI in Frameworks */,
			);
			runOnlyForDeploymentPostprocessing = 0;
		};
/* End PBXFrameworksBuildPhase section */

/* Begin PBXGroup section */
		860E9CC52CB055B000C5BB52 = {
			isa = PBXGroup;
			children = (
				860E9CD02CB055B000C5BB52 /* Voltaire */,
				860E9CCF2CB055B000C5BB52 /* Products */,
			);
			sourceTree = "<group>";
		};
		860E9CCF2CB055B000C5BB52 /* Products */ = {
			isa = PBXGroup;
			children = (
				860E9CCE2CB055B000C5BB52 /* Voltaire.app */,
			);
			name = Products;
			sourceTree = "<group>";
		};
/* End PBXGroup section */

/* Begin PBXNativeTarget section */
		860E9CCD2CB055B000C5BB52 /* Voltaire */ = {
			isa = PBXNativeTarget;
			buildConfigurationList = 860E9CDF2CB055B100C5BB52 /* Build configuration list for PBXNativeTarget "Voltaire" */;
			buildPhases = (
				860E9CCA2CB055B000C5BB52 /* Sources */,
				860E9CCB2CB055B000C5BB52 /* Frameworks */,
				860E9CCC2CB055B000C5BB52 /* Resources */,
			);
			buildRules = (
			);
			dependencies = (
			);
			fileSystemSynchronizedGroups = (
				860E9CD02CB055B000C5BB52 /* Voltaire */,
			);
			name = Voltaire;
			packageProductDependencies = (
				D6E794842D4ADA1E0036D447 /* MarkdownUI */,
				D6FF377A2D4AF6E40071A25C /* LaTeXSwiftUI */,
				02C3CFAA2FBF644F00FE62A1 /* Shimmer */,
				02A6CA4E30753E3600473F4A /* MLX */,
				02A6CA5030753E3600473F4A /* MLXFast */,
				02A6CA5230753E3600473F4A /* MLXNN */,
				02A6CA5430753E3600473F4A /* MLXOptimizers */,
				02A6CA5630753E3600473F4A /* MLXRandom */,
				02A6CA5930753F4F00473F4A /* BenchmarkHelpers */,
				02A6CA5B30753F4F00473F4A /* IntegrationTestHelpers */,
				02A6CA5D30753F4F00473F4A /* MLXEmbedders */,
				02A6CA5F30753F4F00473F4A /* MLXFoundationModels */,
				02A6CA6130753F4F00473F4A /* MLXGuidedGeneration */,
				02A6CA6330753F4F00473F4A /* MLXHuggingFace */,
				02A6CA6530753F4F00473F4A /* MLXLLM */,
				02A6CA6730753F4F00473F4A /* MLXLMCommon */,
				02A6CA6930753F4F00473F4A /* MLXRerankers */,
				02A6CA6B30753F4F00473F4A /* MLXVLM */,
				02A6CA6E30753F7700473F4A /* Hub */,
				02A6CA7030753F7700473F4A /* Tokenizers */,
				02A6CA7230753F7700473F4A /* Transformers */,
				02A6CA7530753F8B00473F4A /* HuggingFace */,
				02A6CA7730753F8B00473F4A /* HuggingFaceOAuth */,
			);
			productName = fullmoon;
			productReference = 860E9CCE2CB055B000C5BB52 /* Voltaire.app */;
			productType = "com.apple.product-type.application";
		};
/* End PBXNativeTarget section */

/* Begin PBXProject section */
		860E9CC62CB055B000C5BB52 /* Project object */ = {
			isa = PBXProject;
			attributes = {
				BuildIndependentTargetsInParallel = 1;
				LastSwiftUpdateCheck = 1600;
				LastUpgradeCheck = 1610;
				TargetAttributes = {
					860E9CCD2CB055B000C5BB52 = {
						CreatedOnToolsVersion = 16.0;
					};
				};
			};
			buildConfigurationList = 860E9CC92CB055B000C5BB52 /* Build configuration list for PBXProject "Voltaire" */;
			developmentRegion = en;
			hasScannedForEncodings = 0;
			knownRegions = (
				en,
				Base,
			);
			mainGroup = 860E9CC52CB055B000C5BB52;
			minimizedProjectReferenceProxies = 1;
			packageReferences = (
				D6E794832D4ADA1E0036D447 /* XCRemoteSwiftPackageReference "swift-markdown-ui" */,
				D6FF37792D4AF6E40071A25C /* XCRemoteSwiftPackageReference "LaTeXSwiftUI" */,
				02C3CFA92FBF644F00FE62A1 /* XCRemoteSwiftPackageReference "SwiftUI-Shimmer" */,
				02A6CA4D30753E3600473F4A /* XCRemoteSwiftPackageReference "mlx-swift" */,
				02A6CA5830753F4F00473F4A /* XCRemoteSwiftPackageReference "mlx-swift-lm" */,
				02A6CA6D30753F7700473F4A /* XCRemoteSwiftPackageReference "swift-transformers" */,
				02A6CA7430753F8A00473F4A /* XCRemoteSwiftPackageReference "swift-huggingface" */,
			);
			preferredProjectObjectVersion = 77;
			productRefGroup = 860E9CCF2CB055B000C5BB52 /* Products */;
			projectDirPath = "";
			projectRoot = "";
			targets = (
				860E9CCD2CB055B000C5BB52 /* Voltaire */,
			);
		};
/* End PBXProject section */

/* Begin PBXResourcesBuildPhase section */
		860E9CCC2CB055B000C5BB52 /* Resources */ = {
			isa = PBXResourcesBuildPhase;
			buildActionMask = 2147483647;
			files = (
			);
			runOnlyForDeploymentPostprocessing = 0;
		};
/* End PBXResourcesBuildPhase section */

/* Begin PBXSourcesBuildPhase section */
		860E9CCA2CB055B000C5BB52 /* Sources */ = {
			isa = PBXSourcesBuildPhase;
			buildActionMask = 2147483647;
			files = (
			);
			runOnlyForDeploymentPostprocessing = 0;
		};
/* End PBXSourcesBuildPhase section */

/* Begin XCBuildConfiguration section */
		860E9CDD2CB055B100C5BB52 /* Debug */ = {
			isa = XCBuildConfiguration;
			baseConfigurationReferenceAnchor = 860E9CD02CB055B000C5BB52 /* Voltaire */;
			baseConfigurationReferenceRelativePath = BuildNumber.xcconfig;
			buildSettings = {
				ALWAYS_SEARCH_USER_PATHS = NO;
				ASSETCATALOG_COMPILER_GENERATE_SWIFT_ASSET_SYMBOL_EXTENSIONS = YES;
				CLANG_ANALYZER_NONNULL = YES;
				CLANG_ANALYZER_NUMBER_OBJECT_CONVERSION = YES_AGGRESSIVE;
				CLANG_CXX_LANGUAGE_STANDARD = "gnu++20";
				CLANG_ENABLE_MODULES = YES;
				CLANG_ENABLE_OBJC_ARC = YES;
				CLANG_ENABLE_OBJC_WEAK = YES;
				CLANG_WARN_BLOCK_CAPTURE_AUTORELEASING = YES;
				CLANG_WARN_BOOL_CONVERSION = YES;
				CLANG_WARN_COMMA = YES;
				CLANG_WARN_CONSTANT_CONVERSION = YES;
				CLANG_WARN_DEPRECATED_OBJC_IMPLEMENTATIONS = YES;
				CLANG_WARN_DIRECT_OBJC_ISA_USAGE = YES_ERROR;
				CLANG_WARN_DOCUMENTATION_COMMENTS = YES;
				CLANG_WARN_EMPTY_BODY = YES;
				CLANG_WARN_ENUM_CONVERSION = YES;
				CLANG_WARN_INFINITE_RECURSION = YES;
				CLANG_WARN_INT_CONVERSION = YES;
				CLANG_WARN_NON_LITERAL_NULL_CONVERSION = YES;
				CLANG_WARN_OBJC_IMPLICIT_RETAIN_SELF = YES;
				CLANG_WARN_OBJC_LITERAL_CONVERSION = YES;
				CLANG_WARN_OBJC_ROOT_CLASS = YES_ERROR;
				CLANG_WARN_QUOTED_INCLUDE_IN_FRAMEWORK_HEADER = YES;
				CLANG_WARN_RANGE_LOOP_ANALYSIS = YES;
				CLANG_WARN_STRICT_PROTOTYPES = YES;
				CLANG_WARN_SUSPICIOUS_MOVE = YES;
				CLANG_WARN_UNGUARDED_AVAILABILITY = YES_AGGRESSIVE;
				CLANG_WARN_UNREACHABLE_CODE = YES;
				CLANG_WARN__DUPLICATE_METHOD_MATCH = YES;
				COPY_PHASE_STRIP = NO;
				DEAD_CODE_STRIPPING = YES;
				DEBUG_INFORMATION_FORMAT = dwarf;
				ENABLE_STRICT_OBJC_MSGSEND = YES;
				ENABLE_TESTABILITY = YES;
				ENABLE_USER_SCRIPT_SANDBOXING = YES;
				GCC_C_LANGUAGE_STANDARD = gnu17;
				GCC_DYNAMIC_NO_PIC = NO;
				GCC_NO_COMMON_BLOCKS = YES;
				GCC_OPTIMIZATION_LEVEL = 0;
				GCC_PREPROCESSOR_DEFINITIONS = (
					"DEBUG=1",
					"$(inherited)",
				);
				GCC_WARN_64_TO_32_BIT_CONVERSION = YES;
				GCC_WARN_ABOUT_RETURN_TYPE = YES_ERROR;
				GCC_WARN_UNDECLARED_SELECTOR = YES;
				GCC_WARN_UNINITIALIZED_AUTOS = YES_AGGRESSIVE;
				GCC_WARN_UNUSED_FUNCTION = YES;
				GCC_WARN_UNUSED_VARIABLE = YES;
				LOCALIZATION_PREFERS_STRING_CATALOGS = YES;
				MTL_ENABLE_DEBUG_INFO = INCLUDE_SOURCE;
				MTL_FAST_MATH = YES;
				ONLY_ACTIVE_ARCH = YES;
				SWIFT_ACTIVE_COMPILATION_CONDITIONS = "DEBUG $(inherited)";
				SWIFT_OPTIMIZATION_LEVEL = "-Onone";
			};
			name = Debug;
		};
		860E9CDE2CB055B100C5BB52 /* Release */ = {
			isa = XCBuildConfiguration;
			baseConfigurationReferenceAnchor = 860E9CD02CB055B000C5BB52 /* Voltaire */;
			baseConfigurationReferenceRelativePath = BuildNumber.xcconfig;
			buildSettings = {
				ALWAYS_SEARCH_USER_PATHS = NO;
				ASSETCATALOG_COMPILER_GENERATE_SWIFT_ASSET_SYMBOL_EXTENSIONS = YES;
				CLANG_ANALYZER_NONNULL = YES;
				CLANG_ANALYZER_NUMBER_OBJECT_CONVERSION = YES_AGGRESSIVE;
				CLANG_CXX_LANGUAGE_STANDARD = "gnu++20";
				CLANG_ENABLE_MODULES = YES;
				CLANG_ENABLE_OBJC_ARC = YES;
				CLANG_ENABLE_OBJC_WEAK = YES;
				CLANG_WARN_BLOCK_CAPTURE_AUTORELEASING = YES;
				CLANG_WARN_BOOL_CONVERSION = YES;
				CLANG_WARN_COMMA = YES;
				CLANG_WARN_CONSTANT_CONVERSION = YES;
				CLANG_WARN_DEPRECATED_OBJC_IMPLEMENTATIONS = YES;
				CLANG_WARN_DIRECT_OBJC_ISA_USAGE = YES_ERROR;
				CLANG_WARN_DOCUMENTATION_COMMENTS = YES;
				CLANG_WARN_EMPTY_BODY = YES;
				CLANG_WARN_ENUM_CONVERSION = YES;
				CLANG_WARN_INFINITE_RECURSION = YES;
				CLANG_WARN_INT_CONVERSION = YES;
				CLANG_WARN_NON_LITERAL_NULL_CONVERSION = YES;
				CLANG_WARN_OBJC_IMPLICIT_RETAIN_SELF = YES;
				CLANG_WARN_OBJC_LITERAL_CONVERSION = YES;
				CLANG_WARN_OBJC_ROOT_CLASS = YES_ERROR;
				CLANG_WARN_QUOTED_INCLUDE_IN_FRAMEWORK_HEADER = YES;
				CLANG_WARN_RANGE_LOOP_ANALYSIS = YES;
				CLANG_WARN_STRICT_PROTOTYPES = YES;
				CLANG_WARN_SUSPICIOUS_MOVE = YES;
				CLANG_WARN_UNGUARDED_AVAILABILITY = YES_AGGRESSIVE;
				CLANG_WARN_UNREACHABLE_CODE = YES;
				CLANG_WARN__DUPLICATE_METHOD_MATCH = YES;
				COPY_PHASE_STRIP = NO;
				DEAD_CODE_STRIPPING = YES;
				DEBUG_INFORMATION_FORMAT = "dwarf-with-dsym";
				ENABLE_NS_ASSERTIONS = NO;
				ENABLE_STRICT_OBJC_MSGSEND = YES;
				ENABLE_USER_SCRIPT_SANDBOXING = YES;
				GCC_C_LANGUAGE_STANDARD = gnu17;
				GCC_NO_COMMON_BLOCKS = YES;
				GCC_WARN_64_TO_32_BIT_CONVERSION = YES;
				GCC_WARN_ABOUT_RETURN_TYPE = YES_ERROR;
				GCC_WARN_UNDECLARED_SELECTOR = YES;
				GCC_WARN_UNINITIALIZED_AUTOS = YES_AGGRESSIVE;
				GCC_WARN_UNUSED_FUNCTION = YES;
				GCC_WARN_UNUSED_VARIABLE = YES;
				LOCALIZATION_PREFERS_STRING_CATALOGS = YES;
				MTL_ENABLE_DEBUG_INFO = NO;
				MTL_FAST_MATH = YES;
				SWIFT_COMPILATION_MODE = wholemodule;
			};
			name = Release;
		};
		860E9CE02CB055B100C5BB52 /* Debug */ = {
			isa = XCBuildConfiguration;
			buildSettings = {
				ASSETCATALOG_COMPILER_APPICON_NAME = Icon;
				ASSETCATALOG_COMPILER_GLOBAL_ACCENT_COLOR_NAME = AccentColor;
				CODE_SIGN_ENTITLEMENTS = Voltaire/Voltaire.entitlements;
				CODE_SIGN_STYLE = Automatic;
				CURRENT_PROJECT_VERSION = "$(CURRENT_PROJECT_VERSION)";
				DEAD_CODE_STRIPPING = YES;
				DEVELOPMENT_ASSET_PATHS = "\"Voltaire/Preview Content\"";
				DEVELOPMENT_TEAM = 28V442433A;
				ENABLE_HARDENED_RUNTIME = YES;
				ENABLE_PREVIEWS = YES;
				GENERATE_INFOPLIST_FILE = YES;
				INFOPLIST_FILE = "";
				INFOPLIST_KEY_CFBundleDisplayName = Voltaire;
				INFOPLIST_KEY_NSCameraUsageDescription = "Voltaire needs camera access to take photos for vision-enabled models.";
				INFOPLIST_KEY_LSApplicationCategoryType = "public.app-category.productivity";
				"INFOPLIST_KEY_UIApplicationSceneManifest_Generation[sdk=iphoneos*]" = YES;
				"INFOPLIST_KEY_UIApplicationSceneManifest_Generation[sdk=iphonesimulator*]" = YES;
				"INFOPLIST_KEY_UIApplicationSupportsIndirectInputEvents[sdk=iphoneos*]" = YES;
				"INFOPLIST_KEY_UIApplicationSupportsIndirectInputEvents[sdk=iphonesimulator*]" = YES;
				"INFOPLIST_KEY_UILaunchScreen_Generation[sdk=iphoneos*]" = YES;
				"INFOPLIST_KEY_UILaunchScreen_Generation[sdk=iphonesimulator*]" = YES;
				"INFOPLIST_KEY_UIStatusBarStyle[sdk=iphoneos*]" = UIStatusBarStyleDefault;
				"INFOPLIST_KEY_UIStatusBarStyle[sdk=iphonesimulator*]" = UIStatusBarStyleDefault;
				INFOPLIST_KEY_UISupportedInterfaceOrientations = UIInterfaceOrientationPortrait;
				INFOPLIST_KEY_UISupportedInterfaceOrientations_iPad = "UIInterfaceOrientationLandscapeLeft UIInterfaceOrientationLandscapeRight UIInterfaceOrientationPortrait UIInterfaceOrientationPortraitUpsideDown";
				IPHONEOS_DEPLOYMENT_TARGET = 26.0;
				LD_RUNPATH_SEARCH_PATHS = "@executable_path/Frameworks";
				"LD_RUNPATH_SEARCH_PATHS[sdk=macosx*]" = "@executable_path/../Frameworks";
				MACOSX_DEPLOYMENT_TARGET = 14.0;
				MARKETING_VERSION = 1.0.0;
				PRODUCT_BUNDLE_IDENTIFIER = com.KilianSystem.Voltaire;
				PRODUCT_NAME = "$(TARGET_NAME)";
				REGISTER_APP_GROUPS = NO;
				SDKROOT = auto;
				SUPPORTED_PLATFORMS = "iphoneos iphonesimulator";
				SUPPORTS_MACCATALYST = NO;
				SUPPORTS_MAC_DESIGNED_FOR_IPHONE_IPAD = NO;
				SUPPORTS_XR_DESIGNED_FOR_IPHONE_IPAD = NO;
				SWIFT_EMIT_LOC_STRINGS = YES;
				SWIFT_VERSION = 5.0;
				TARGETED_DEVICE_FAMILY = 1;
				XROS_DEPLOYMENT_TARGET = 2.0;
			};
			name = Debug;
		};
		860E9CE12CB055B100C5BB52 /* Release */ = {
			isa = XCBuildConfiguration;
			buildSettings = {
				ASSETCATALOG_COMPILER_APPICON_NAME = Icon;
				ASSETCATALOG_COMPILER_GLOBAL_ACCENT_COLOR_NAME = AccentColor;
				CODE_SIGN_ENTITLEMENTS = Voltaire/Voltaire.entitlements;
				CODE_SIGN_STYLE = Automatic;
				CURRENT_PROJECT_VERSION = "$(CURRENT_PROJECT_VERSION)";
				DEAD_CODE_STRIPPING = YES;
				DEVELOPMENT_ASSET_PATHS = "\"Voltaire/Preview Content\"";
				DEVELOPMENT_TEAM = 28V442433A;
				ENABLE_HARDENED_RUNTIME = YES;
				ENABLE_PREVIEWS = YES;
				GENERATE_INFOPLIST_FILE = YES;
				INFOPLIST_FILE = "";
INFOPLIST_KEY_CFBundleDisplayName = Voltaire;
			INFOPLIST_KEY_NSCameraUsageDescription = "Voltaire needs camera access to take photos for vision-enabled models.";
			INFOPLIST_KEY_LSApplicationCategoryType = "public.app-category.productivity";
			"INFOPLIST_KEY_UIApplicationSceneManifest_Generation[sdk=iphoneos*]" = YES;
			"INFOPLIST_KEY_UIApplicationSceneManifest_Generation[sdk=iphonesimulator*]" = YES;
			"INFOPLIST_KEY_UIApplicationSupportsIndirectInputEvents[sdk=iphoneos*]" = YES;
			"INFOPLIST_KEY_UIApplicationSupportsIndirectInputEvents[sdk=iphonesimulator*]" = YES;
			"INFOPLIST_KEY_UILaunchScreen_Generation[sdk=iphoneos*]" = YES;
			"INFOPLIST_KEY_UILaunchScreen_Generation[sdk=iphonesimulator*]" = YES;
			"INFOPLIST_KEY_UIStatusBarStyle[sdk=iphoneos*]" = UIStatusBarStyleDefault;
				"INFOPLIST_KEY_UIStatusBarStyle[sdk=iphonesimulator*]" = UIStatusBarStyleDefault;
				INFOPLIST_KEY_UISupportedInterfaceOrientations = UIInterfaceOrientationPortrait;
				INFOPLIST_KEY_UISupportedInterfaceOrientations_iPad = "UIInterfaceOrientationLandscapeLeft UIInterfaceOrientationLandscapeRight UIInterfaceOrientationPortrait UIInterfaceOrientationPortraitUpsideDown";
				IPHONEOS_DEPLOYMENT_TARGET = 26.0;
				LD_RUNPATH_SEARCH_PATHS = "@executable_path/Frameworks";
				"LD_RUNPATH_SEARCH_PATHS[sdk=macosx*]" = "@executable_path/../Frameworks";
				MACOSX_DEPLOYMENT_TARGET = 14.0;
				MARKETING_VERSION = 1.0.0;
				PRODUCT_BUNDLE_IDENTIFIER = com.KilianSystem.Voltaire;
				PRODUCT_NAME = "$(TARGET_NAME)";
				REGISTER_APP_GROUPS = NO;
				SDKROOT = auto;
				SUPPORTED_PLATFORMS = "iphoneos iphonesimulator";
				SUPPORTS_MACCATALYST = NO;
				SUPPORTS_MAC_DESIGNED_FOR_IPHONE_IPAD = NO;
				SUPPORTS_XR_DESIGNED_FOR_IPHONE_IPAD = NO;
				SWIFT_EMIT_LOC_STRINGS = YES;
				SWIFT_VERSION = 5.0;
				TARGETED_DEVICE_FAMILY = 1;
				XROS_DEPLOYMENT_TARGET = 2.0;
			};
			name = Release;
		};
/* End XCBuildConfiguration section */

/* Begin XCConfigurationList section */
		860E9CC92CB055B000C5BB52 /* Build configuration list for PBXProject "Voltaire" */ = {
			isa = XCConfigurationList;
			buildConfigurations = (
				860E9CDD2CB055B100C5BB52 /* Debug */,
				860E9CDE2CB055B100C5BB52 /* Release */,
			);
			defaultConfigurationIsVisible = 0;
			defaultConfigurationName = Release;
		};
		860E9CDF2CB055B100C5BB52 /* Build configuration list for PBXNativeTarget "Voltaire" */ = {
			isa = XCConfigurationList;
			buildConfigurations = (
				860E9CE02CB055B100C5BB52 /* Debug */,
				860E9CE12CB055B100C5BB52 /* Release */,
			);
			defaultConfigurationIsVisible = 0;
			defaultConfigurationName = Release;
		};
/* End XCConfigurationList section */

/* Begin XCRemoteSwiftPackageReference section */
		02A6CA4D30753E3600473F4A /* XCRemoteSwiftPackageReference "mlx-swift" */ = {
			isa = XCRemoteSwiftPackageReference;
			repositoryURL = "https://github.com/ml-explore/mlx-swift";
			requirement = {
				kind = upToNextMajorVersion;
				minimumVersion = 0.32.3;
			};
		};
		02A6CA5830753F4F00473F4A /* XCRemoteSwiftPackageReference "mlx-swift-lm" */ = {
			isa = XCRemoteSwiftPackageReference;
			repositoryURL = "https://github.com/ml-explore/mlx-swift-lm";
			requirement = {
				kind = upToNextMajorVersion;
				minimumVersion = 3.32.3;
			};
		};
		02A6CA6D30753F7700473F4A /* XCRemoteSwiftPackageReference "swift-transformers" */ = {
			isa = XCRemoteSwiftPackageReference;
			repositoryURL = "https://github.com/huggingface/swift-transformers";
			requirement = {
				kind = upToNextMajorVersion;
				minimumVersion = 1.3.4;
			};
			traits = (
			);
		};
		02A6CA7430753F8A00473F4A /* XCRemoteSwiftPackageReference "swift-huggingface" */ = {
			isa = XCRemoteSwiftPackageReference;
			repositoryURL = "https://github.com/huggingface/swift-huggingface";
			requirement = {
				kind = upToNextMajorVersion;
				minimumVersion = 0.13.0;
			};
			traits = (
			);
		};
		02C3CFA92FBF644F00FE62A1 /* XCRemoteSwiftPackageReference "SwiftUI-Shimmer" */ = {
			isa = XCRemoteSwiftPackageReference;
			repositoryURL = "https://github.com/markiv/SwiftUI-Shimmer";
			requirement = {
				branch = main;
				kind = branch;
			};
		};
		D6E794832D4ADA1E0036D447 /* XCRemoteSwiftPackageReference "swift-markdown-ui" */ = {
			isa = XCRemoteSwiftPackageReference;
			repositoryURL = "https://github.com/gonzalezreal/swift-markdown-ui";
			requirement = {
				branch = main;
				kind = branch;
			};
		};
		D6FF37792D4AF6E40071A25C /* XCRemoteSwiftPackageReference "LaTeXSwiftUI" */ = {
			isa = XCRemoteSwiftPackageReference;
			repositoryURL = "https://github.com/colinc86/LaTeXSwiftUI";
			requirement = {
				branch = main;
				kind = branch;
			};
		};
/* End XCRemoteSwiftPackageReference section */

/* Begin XCSwiftPackageProductDependency section */
		02A6CA4E30753E3600473F4A /* MLX */ = {
			isa = XCSwiftPackageProductDependency;
			package = 02A6CA4D30753E3600473F4A /* XCRemoteSwiftPackageReference "mlx-swift" */;
			productName = MLX;
		};
		02A6CA5030753E3600473F4A /* MLXFast */ = {
			isa = XCSwiftPackageProductDependency;
			package = 02A6CA4D30753E3600473F4A /* XCRemoteSwiftPackageReference "mlx-swift" */;
			productName = MLXFast;
		};
		02A6CA5230753E3600473F4A /* MLXNN */ = {
			isa = XCSwiftPackageProductDependency;
			package = 02A6CA4D30753E3600473F4A /* XCRemoteSwiftPackageReference "mlx-swift" */;
			productName = MLXNN;
		};
		02A6CA5430753E3600473F4A /* MLXOptimizers */ = {
			isa = XCSwiftPackageProductDependency;
			package = 02A6CA4D30753E3600473F4A /* XCRemoteSwiftPackageReference "mlx-swift" */;
			productName = MLXOptimizers;
		};
		02A6CA5630753E3600473F4A /* MLXRandom */ = {
			isa = XCSwiftPackageProductDependency;
			package = 02A6CA4D30753E3600473F4A /* XCRemoteSwiftPackageReference "mlx-swift" */;
			productName = MLXRandom;
		};
		02A6CA5930753F4F00473F4A /* BenchmarkHelpers */ = {
			isa = XCSwiftPackageProductDependency;
			package = 02A6CA5830753F4F00473F4A /* XCRemoteSwiftPackageReference "mlx-swift-lm" */;
			productName = BenchmarkHelpers;
		};
		02A6CA5B30753F4F00473F4A /* IntegrationTestHelpers */ = {
			isa = XCSwiftPackageProductDependency;
			package = 02A6CA5830753F4F00473F4A /* XCRemoteSwiftPackageReference "mlx-swift-lm" */;
			productName = IntegrationTestHelpers;
		};
		02A6CA5D30753F4F00473F4A /* MLXEmbedders */ = {
			isa = XCSwiftPackageProductDependency;
			package = 02A6CA5830753F4F00473F4A /* XCRemoteSwiftPackageReference "mlx-swift-lm" */;
			productName = MLXEmbedders;
		};
		02A6CA5F30753F4F00473F4A /* MLXFoundationModels */ = {
			isa = XCSwiftPackageProductDependency;
			package = 02A6CA5830753F4F00473F4A /* XCRemoteSwiftPackageReference "mlx-swift-lm" */;
			productName = MLXFoundationModels;
		};
		02A6CA6130753F4F00473F4A /* MLXGuidedGeneration */ = {
			isa = XCSwiftPackageProductDependency;
			package = 02A6CA5830753F4F00473F4A /* XCRemoteSwiftPackageReference "mlx-swift-lm" */;
			productName = MLXGuidedGeneration;
		};
		02A6CA6330753F4F00473F4A /* MLXHuggingFace */ = {
			isa = XCSwiftPackageProductDependency;
			package = 02A6CA5830753F4F00473F4A /* XCRemoteSwiftPackageReference "mlx-swift-lm" */;
			productName = MLXHuggingFace;
		};
		02A6CA6530753F4F00473F4A /* MLXLLM */ = {
			isa = XCSwiftPackageProductDependency;
			package = 02A6CA5830753F4F00473F4A /* XCRemoteSwiftPackageReference "mlx-swift-lm" */;
			productName = MLXLLM;
		};
		02A6CA6730753F4F00473F4A /* MLXLMCommon */ = {
			isa = XCSwiftPackageProductDependency;
			package = 02A6CA5830753F4F00473F4A /* XCRemoteSwiftPackageReference "mlx-swift-lm" */;
			productName = MLXLMCommon;
		};
		02A6CA6930753F4F00473F4A /* MLXRerankers */ = {
			isa = XCSwiftPackageProductDependency;
			package = 02A6CA5830753F4F00473F4A /* XCRemoteSwiftPackageReference "mlx-swift-lm" */;
			productName = MLXRerankers;
		};
		02A6CA6B30753F4F00473F4A /* MLXVLM */ = {
			isa = XCSwiftPackageProductDependency;
			package = 02A6CA5830753F4F00473F4A /* XCRemoteSwiftPackageReference "mlx-swift-lm" */;
			productName = MLXVLM;
		};
		02A6CA6E30753F7700473F4A /* Hub */ = {
			isa = XCSwiftPackageProductDependency;
			package = 02A6CA6D30753F7700473F4A /* XCRemoteSwiftPackageReference "swift-transformers" */;
			productName = Hub;
		};
		02A6CA7030753F7700473F4A /* Tokenizers */ = {
			isa = XCSwiftPackageProductDependency;
			package = 02A6CA6D30753F7700473F4A /* XCRemoteSwiftPackageReference "swift-transformers" */;
			productName = Tokenizers;
		};
		02A6CA7230753F7700473F4A /* Transformers */ = {
			isa = XCSwiftPackageProductDependency;
			package = 02A6CA6D30753F7700473F4A /* XCRemoteSwiftPackageReference "swift-transformers" */;
			productName = Transformers;
		};
		02A6CA7530753F8B00473F4A /* HuggingFace */ = {
			isa = XCSwiftPackageProductDependency;
			package = 02A6CA7430753F8A00473F4A /* XCRemoteSwiftPackageReference "swift-huggingface" */;
			productName = HuggingFace;
		};
		02A6CA7730753F8B00473F4A /* HuggingFaceOAuth */ = {
			isa = XCSwiftPackageProductDependency;
			package = 02A6CA7430753F8A00473F4A /* XCRemoteSwiftPackageReference "swift-huggingface" */;
			productName = HuggingFaceOAuth;
		};
		02C3CFAA2FBF644F00FE62A1 /* Shimmer */ = {
			isa = XCSwiftPackageProductDependency;
			package = 02C3CFA92FBF644F00FE62A1 /* XCRemoteSwiftPackageReference "SwiftUI-Shimmer" */;
			productName = Shimmer;
		};
		D6E794842D4ADA1E0036D447 /* MarkdownUI */ = {
			isa = XCSwiftPackageProductDependency;
			package = D6E794832D4ADA1E0036D447 /* XCRemoteSwiftPackageReference "swift-markdown-ui" */;
			productName = MarkdownUI;
		};
		D6FF377A2D4AF6E40071A25C /* LaTeXSwiftUI */ = {
			isa = XCSwiftPackageProductDependency;
			package = D6FF37792D4AF6E40071A25C /* XCRemoteSwiftPackageReference "LaTeXSwiftUI" */;
			productName = LaTeXSwiftUI;
		};
/* End XCSwiftPackageProductDependency section */
	};
	rootObject = 860E9CC62CB055B000C5BB52 /* Project object */;
}
